
Microsoft Visual Studio Solution File, Format Version 12.00
# Visual Studio Version 17
VisualStudioVersion = 17.6.33829.357
MinimumVisualStudioVersion = 10.0.40219.1
Project("{9A19103F-16F7-4668-BE54-9A1E7A4F7556}") = "LoggingBenchmark", "LoggingBenchmark\LoggingBenchmark.csproj", "{EC2400AD-1FC0-41AE-88D6-1FBA7B0E2DBB}"
EndProject
Global
	GlobalSection(SolutionConfigurationPlatforms) = preSolution
		Debug|Any CPU = Debug|Any CPU
		Release|Any CPU = Release|Any CPU
	EndGlobalSection
	GlobalSection(ProjectConfigurationPlatforms) = postSolution
		{EC2400AD-1FC0-41AE-88D6-1FBA7B0E2DBB}.Debug|Any CPU.ActiveCfg = Debug|Any CPU
		{EC2400AD-1FC0-41AE-88D6-1FBA7B0E2DBB}.Debug|Any CPU.Build.0 = Debug|Any CPU
		{EC2400AD-1FC0-41AE-88D6-1FBA7B0E2DBB}.Release|Any CPU.ActiveCfg = Release|Any CPU
		{EC2400AD-1FC0-41AE-88D6-1FBA7B0E2DBB}.Release|Any CPU.Build.0 = Release|Any CPU
	EndGlobalSection
	GlobalSection(SolutionProperties) = preSolution
		HideSolutionNode = FALSE
	EndGlobalSection
	GlobalSection(ExtensibilityGlobals) = postSolution
		SolutionGuid = {8E7AFE17-9ADA-46B3-A267-3D5A00154A16}
	EndGlobalSection
EndGlobal
